
Microsoft Visual Studio Solution File, Format Version 12.00
# Visual Studio Version 16
VisualStudioVersion = 16.0.30907.101
MinimumVisualStudioVersion = 10.0.40219.1
Project("{9A19103F-16F7-4668-BE54-9A1E7A4F7556}") = "HajosTeszt", "HajosTeszt\HajosTeszt.csproj", "{40D26174-4122-4AB4-86E3-3491C990E50A}"
EndProject
Global
	GlobalSection(SolutionConfigurationPlatforms) = preSolution
		Debug|Any CPU = Debug|Any CPU
		Release|Any CPU = Release|Any CPU
	EndGlobalSection
	GlobalSection(ProjectConfigurationPlatforms) = postSolution
		{40D26174-4122-4AB4-86E3-3491C990E50A}.Debug|Any CPU.ActiveCfg = Debug|Any CPU
		{40D26174-4122-4AB4-86E3-3491C990E50A}.Debug|Any CPU.Build.0 = Debug|Any CPU
		{40D26174-4122-4AB4-86E3-3491C990E50A}.Release|Any CPU.ActiveCfg = Release|Any CPU
		{40D26174-4122-4AB4-86E3-3491C990E50A}.Release|Any CPU.Build.0 = Release|Any CPU
	EndGlobalSection
	GlobalSection(SolutionProperties) = preSolution
		HideSolutionNode = FALSE
	EndGlobalSection
	GlobalSection(ExtensibilityGlobals) = postSolution
		SolutionGuid = {F12CB37D-BCF4-4070-8492-CF818D556BA1}
	EndGlobalSection
EndGlobal
